
Microsoft Visual Studio Solution File, Format Version 12.00
# Visual Studio 15
VisualStudioVersion = 15.0.26430.12
MinimumVisualStudioVersion = 10.0.40219.1
Project("{FAE04EC0-301F-11D3-BF4B-00C04F79EFBC}") = "TicTacToe.Android", "TicTacToe\TicTacToe.Android\TicTacToe.Android.csproj", "{CDCC5D19-7943-4C81-8089-84BD31669F29}"
EndProject
Project("{FAE04EC0-301F-11D3-BF4B-00C04F79EFBC}") = "TicTacToe", "TicTacToe\TicTacToe\TicTacToe.csproj", "{28C086A1-776C-43E9-A22C-46EE0F4528FD}"
EndProject
Project("{FAE04EC0-301F-11D3-BF4B-00C04F79EFBC}") = "TicTacToe.UWP", "TicTacToe\TicTacToe.UWP\TicTacToe.UWP.csproj", "{54B7F494-B5B5-4133-87F6-E430332F37A3}"
EndProject
Project("{FAE04EC0-301F-11D3-BF4B-00C04F79EFBC}") = "TicTacToe.iOS", "TicTacToe\TicTacToe.iOS\TicTacToe.iOS.csproj", "{BCB7E47B-7F7A-4FCB-AA82-3E173364192A}"
EndProject
Global
	GlobalSection(SolutionConfigurationPlatforms) = preSolution
		Ad-Hoc|Any CPU = Ad-Hoc|Any CPU
		Ad-Hoc|ARM = Ad-Hoc|ARM
		Ad-Hoc|iPhone = Ad-Hoc|iPhone
		Ad-Hoc|iPhoneSimulator = Ad-Hoc|iPhoneSimulator
		Ad-Hoc|x64 = Ad-Hoc|x64
		Ad-Hoc|x86 = Ad-Hoc|x86
		AppStore|Any CPU = AppStore|Any CPU
		AppStore|ARM = AppStore|ARM
		AppStore|iPhone = AppStore|iPhone
		AppStore|iPhoneSimulator = AppStore|iPhoneSimulator
		AppStore|x64 = AppStore|x64
		AppStore|x86 = AppStore|x86
		Debug|Any CPU = Debug|Any CPU
		Debug|ARM = Debug|ARM
		Debug|iPhone = Debug|iPhone
		Debug|iPhoneSimulator = Debug|iPhoneSimulator
		Debug|x64 = Debug|x64
		Debug|x86 = Debug|x86
		Release|Any CPU = Release|Any CPU
		Release|ARM = Release|ARM
		Release|iPhone = Release|iPhone
		Release|iPhoneSimulator = Release|iPhoneSimulator
		Release|x64 = Release|x64
		Release|x86 = Release|x86
	EndGlobalSection
	GlobalSection(ProjectConfigurationPlatforms) = postSolution
		{CDCC5D19-7943-4C81-8089-84BD31669F29}.Ad-Hoc|Any CPU.ActiveCfg = Release|Any CPU
		{CDCC5D19-7943-4C81-8089-84BD31669F29}.Ad-Hoc|Any CPU.Build.0 = Release|Any CPU
		{CDCC5D19-7943-4C81-8089-84BD31669F29}.Ad-Hoc|Any CPU.Deploy.0 = Release|Any CPU
		{CDCC5D19-7943-4C81-8089-84BD31669F29}.Ad-Hoc|ARM.ActiveCfg = Release|Any CPU
		{CDCC5D19-7943-4C81-8089-84BD31669F29}.Ad-Hoc|ARM.Build.0 = Release|Any CPU
		{CDCC5D19-7943-4C81-8089-84BD31669F29}.Ad-Hoc|ARM.Deploy.0 = Release|Any CPU
		{CDCC5D19-7943-4C81-8089-84BD31669F29}.Ad-Hoc|iPhone.ActiveCfg = Release|Any CPU
		{CDCC5D19-7943-4C81-8089-84BD31669F29}.Ad-Hoc|iPhone.Build.0 = Release|Any CPU
		{CDCC5D19-7943-4C81-8089-84BD31669F29}.Ad-Hoc|iPhone.Deploy.0 = Release|Any CPU
		{CDCC5D19-7943-4C81-8089-84BD31669F29}.Ad-Hoc|iPhoneSimulator.ActiveCfg = Release|Any CPU
		{CDCC5D19-7943-4C81-8089-84BD31669F29}.Ad-Hoc|iPhoneSimulator.Build.0 = Release|Any CPU
		{CDCC5D19-7943-4C81-8089-84BD31669F29}.Ad-Hoc|iPhoneSimulator.Deploy.0 = Release|Any CPU
		{CDCC5D19-7943-4C81-8089-84BD31669F29}.Ad-Hoc|x64.ActiveCfg = Release|Any CPU
		{CDCC5D19-7943-4C81-8089-84BD31669F29}.Ad-Hoc|x64.Build.0 = Release|Any CPU
		{CDCC5D19-7943-4C81-8089-84BD31669F29}.Ad-Hoc|x64.Deploy.0 = Release|Any CPU
		{CDCC5D19-7943-4C81-8089-84BD31669F29}.Ad-Hoc|x86.ActiveCfg = Release|Any CPU
		{CDCC5D19-7943-4C81-8089-84BD31669F29}.Ad-Hoc|x86.Build.0 = Release|Any CPU
		{CDCC5D19-7943-4C81-8089-84BD31669F29}.Ad-Hoc|x86.Deploy.0 = Release|Any CPU
		{CDCC5D19-7943-4C81-8089-84BD31669F29}.AppStore|Any CPU.ActiveCfg = Release|Any CPU
		{CDCC5D19-7943-4C81-8089-84BD31669F29}.AppStore|Any CPU.Build.0 = Release|Any CPU
		{CDCC5D19-7943-4C81-8089-84BD31669F29}.AppStore|Any CPU.Deploy.0 = Release|Any CPU
		{CDCC5D19-7943-4C81-8089-84BD31669F29}.AppStore|ARM.ActiveCfg = Release|Any CPU
		{CDCC5D19-7943-4C81-8089-84BD31669F29}.AppStore|ARM.Build.0 = Release|Any CPU
		{CDCC5D19-7943-4C81-8089-84BD31669F29}.AppStore|ARM.Deploy.0 = Release|Any CPU
		{CDCC5D19-7943-4C81-8089-84BD31669F29}.AppStore|iPhone.ActiveCfg = Release|Any CPU
		{CDCC5D19-7943-4C81-8089-84BD31669F29}.AppStore|iPhone.Build.0 = Release|Any CPU
		{CDCC5D19-7943-4C81-8089-84BD31669F29}.AppStore|iPhone.Deploy.0 = Release|Any CPU
		{CDCC5D19-7943-4C81-8089-84BD31669F29}.AppStore|iPhoneSimulator.ActiveCfg = Release|Any CPU
		{CDCC5D19-7943-4C81-8089-84BD31669F29}.AppStore|iPhoneSimulator.Build.0 = Release|Any CPU
		{CDCC5D19-7943-4C81-8089-84BD31669F29}.AppStore|iPhoneSimulator.Deploy.0 = Release|Any CPU
		{CDCC5D19-7943-4C81-8089-84BD31669F29}.AppStore|x64.ActiveCfg = Release|Any CPU
		{CDCC5D19-7943-4C81-8089-84BD31669F29}.AppStore|x64.Build.0 = Release|Any CPU
		{CDCC5D19-7943-4C81-8089-84BD31669F29}.AppStore|x64.Deploy.0 = Release|Any CPU
		{CDCC5D19-7943-4C81-8089-84BD31669F29}.AppStore|x86.ActiveCfg = Release|Any CPU
		{CDCC5D19-7943-4C81-8089-84BD31669F29}.AppStore|x86.Build.0 = Release|Any CPU
		{CDCC5D19-7943-4C81-8089-84BD31669F29}.AppStore|x86.Deploy.0 = Release|Any CPU
		{CDCC5D19-7943-4C81-8089-84BD31669F29}.Debug|Any CPU.ActiveCfg = Debug|Any CPU
		{CDCC5D19-7943-4C81-8089-84BD31669F29}.Debug|Any CPU.Build.0 = Debug|Any CPU
		{CDCC5D19-7943-4C81-8089-84BD31669F29}.Debug|Any CPU.Deploy.0 = Debug|Any CPU
		{CDCC5D19-7943-4C81-8089-84BD31669F29}.Debug|ARM.ActiveCfg = Debug|Any CPU
		{CDCC5D19-7943-4C81-8089-84BD31669F29}.Debug|ARM.Build.0 = Debug|Any CPU
		{CDCC5D19-7943-4C81-8089-84BD31669F29}.Debug|ARM.Deploy.0 = Debug|Any CPU
		{CDCC5D19-7943-4C81-8089-84BD31669F29}.Debug|iPhone.ActiveCfg = Debug|Any CPU
		{CDCC5D19-7943-4C81-8089-84BD31669F29}.Debug|iPhone.Build.0 = Debug|Any CPU
		{CDCC5D19-7943-4C81-8089-84BD31669F29}.Debug|iPhone.Deploy.0 = Debug|Any CPU
		{CDCC5D19-7943-4C81-8089-84BD31669F29}.Debug|iPhoneSimulator.ActiveCfg = Debug|Any CPU
		{CDCC5D19-7943-4C81-8089-84BD31669F29}.Debug|iPhoneSimulator.Build.0 = Debug|Any CPU
		{CDCC5D19-7943-4C81-8089-84BD31669F29}.Debug|iPhoneSimulator.Deploy.0 = Debug|Any CPU
		{CDCC5D19-7943-4C81-8089-84BD31669F29}.Debug|x64.ActiveCfg = Debug|Any CPU
		{CDCC5D19-7943-4C81-8089-84BD31669F29}.Debug|x64.Build.0 = Debug|Any CPU
		{CDCC5D19-7943-4C81-8089-84BD31669F29}.Debug|x64.Deploy.0 = Debug|Any CPU
		{CDCC5D19-7943-4C81-8089-84BD31669F29}.Debug|x86.ActiveCfg = Debug|Any CPU
		{CDCC5D19-7943-4C81-8089-84BD31669F29}.Debug|x86.Build.0 = Debug|Any CPU
		{CDCC5D19-7943-4C81-8089-84BD31669F29}.Debug|x86.Deploy.0 = Debug|Any CPU
		{CDCC5D19-7943-4C81-8089-84BD31669F29}.Release|Any CPU.ActiveCfg = Release|Any CPU
		{CDCC5D19-7943-4C81-8089-84BD31669F29}.Release|Any CPU.Build.0 = Release|Any CPU
		{CDCC5D19-7943-4C81-8089-84BD31669F29}.Release|Any CPU.Deploy.0 = Release|Any CPU
		{CDCC5D19-7943-4C81-8089-84BD31669F29}.Release|ARM.ActiveCfg = Release|Any CPU
		{CDCC5D19-7943-4C81-8089-84BD31669F29}.Release|ARM.Build.0 = Release|Any CPU
		{CDCC5D19-7943-4C81-8089-84BD31669F29}.Release|ARM.Deploy.0 = Release|Any CPU
		{CDCC5D19-7943-4C81-8089-84BD31669F29}.Release|iPhone.ActiveCfg = Release|Any CPU
		{CDCC5D19-7943-4C81-8089-84BD31669F29}.Release|iPhone.Build.0 = Release|Any CPU
		{CDCC5D19-7943-4C81-8089-84BD31669F29}.Release|iPhone.Deploy.0 = Release|Any CPU
		{CDCC5D19-7943-4C81-8089-84BD31669F29}.Release|iPhoneSimulator.ActiveCfg = Release|Any CPU
		{CDCC5D19-7943-4C81-8089-84BD31669F29}.Release|iPhoneSimulator.Build.0 = Release|Any CPU
		{CDCC5D19-7943-4C81-8089-84BD31669F29}.Release|iPhoneSimulator.Deploy.0 = Release|Any CPU
		{CDCC5D19-7943-4C81-8089-84BD31669F29}.Release|x64.ActiveCfg = Release|Any CPU
		{CDCC5D19-7943-4C81-8089-84BD31669F29}.Release|x64.Build.0 = Release|Any CPU
		{CDCC5D19-7943-4C81-8089-84BD31669F29}.Release|x64.Deploy.0 = Release|Any CPU
		{CDCC5D19-7943-4C81-8089-84BD31669F29}.Release|x86.ActiveCfg = Release|Any CPU
		{CDCC5D19-7943-4C81-8089-84BD31669F29}.Release|x86.Build.0 = Release|Any CPU
		{CDCC5D19-7943-4C81-8089-84BD31669F29}.Release|x86.Deploy.0 = Release|Any CPU
		{28C086A1-776C-43E9-A22C-46EE0F4528FD}.Ad-Hoc|Any CPU.ActiveCfg = Release|Any CPU
		{28C086A1-776C-43E9-A22C-46EE0F4528FD}.Ad-Hoc|Any CPU.Build.0 = Release|Any CPU
		{28C086A1-776C-43E9-A22C-46EE0F4528FD}.Ad-Hoc|ARM.ActiveCfg = Release|Any CPU
		{28C086A1-776C-43E9-A22C-46EE0F4528FD}.Ad-Hoc|ARM.Build.0 = Release|Any CPU
		{28C086A1-776C-43E9-A22C-46EE0F4528FD}.Ad-Hoc|iPhone.ActiveCfg = Release|Any CPU
		{28C086A1-776C-43E9-A22C-46EE0F4528FD}.Ad-Hoc|iPhone.Build.0 = Release|Any CPU
		{28C086A1-776C-43E9-A22C-46EE0F4528FD}.Ad-Hoc|iPhoneSimulator.ActiveCfg = Release|Any CPU
		{28C086A1-776C-43E9-A22C-46EE0F4528FD}.Ad-Hoc|iPhoneSimulator.Build.0 = Release|Any CPU
		{28C086A1-776C-43E9-A22C-46EE0F4528FD}.Ad-Hoc|x64.ActiveCfg = Release|Any CPU
		{28C086A1-776C-43E9-A22C-46EE0F4528FD}.Ad-Hoc|x64.Build.0 = Release|Any CPU
		{28C086A1-776C-43E9-A22C-46EE0F4528FD}.Ad-Hoc|x86.ActiveCfg = Release|Any CPU
		{28C086A1-776C-43E9-A22C-46EE0F4528FD}.Ad-Hoc|x86.Build.0 = Release|Any CPU
		{28C086A1-776C-43E9-A22C-46EE0F4528FD}.AppStore|Any CPU.ActiveCfg = Release|Any CPU
		{28C086A1-776C-43E9-A22C-46EE0F4528FD}.AppStore|Any CPU.Build.0 = Release|Any CPU
		{28C086A1-776C-43E9-A22C-46EE0F4528FD}.AppStore|ARM.ActiveCfg = Release|Any CPU
		{28C086A1-776C-43E9-A22C-46EE0F4528FD}.AppStore|ARM.Build.0 = Release|Any CPU
		{28C086A1-776C-43E9-A22C-46EE0F4528FD}.AppStore|iPhone.ActiveCfg = Release|Any CPU
		{28C086A1-776C-43E9-A22C-46EE0F4528FD}.AppStore|iPhone.Build.0 = Release|Any CPU
		{28C086A1-776C-43E9-A22C-46EE0F4528FD}.AppStore|iPhoneSimulator.ActiveCfg = Release|Any CPU
		{28C086A1-776C-43E9-A22C-46EE0F4528FD}.AppStore|iPhoneSimulator.Build.0 = Release|Any CPU
		{28C086A1-776C-43E9-A22C-46EE0F4528FD}.AppStore|x64.ActiveCfg = Release|Any CPU
		{28C086A1-776C-43E9-A22C-46EE0F4528FD}.AppStore|x64.Build.0 = Release|Any CPU
		{28C086A1-776C-43E9-A22C-46EE0F4528FD}.AppStore|x86.ActiveCfg = Release|Any CPU
		{28C086A1-776C-43E9-A22C-46EE0F4528FD}.AppStore|x86.Build.0 = Release|Any CPU
		{28C086A1-776C-43E9-A22C-46EE0F4528FD}.Debug|Any CPU.ActiveCfg = Debug|Any CPU
		{28C086A1-776C-43E9-A22C-46EE0F4528FD}.Debug|Any CPU.Build.0 = Debug|Any CPU
		{28C086A1-776C-43E9-A22C-46EE0F4528FD}.Debug|ARM.ActiveCfg = Debug|Any CPU
		{28C086A1-776C-43E9-A22C-46EE0F4528FD}.Debug|ARM.Build.0 = Debug|Any CPU
		{28C086A1-776C-43E9-A22C-46EE0F4528FD}.Debug|iPhone.ActiveCfg = Debug|Any CPU
		{28C086A1-776C-43E9-A22C-46EE0F4528FD}.Debug|iPhone.Build.0 = Debug|Any CPU
		{28C086A1-776C-43E9-A22C-46EE0F4528FD}.Debug|iPhoneSimulator.ActiveCfg = Debug|Any CPU
		{28C086A1-776C-43E9-A22C-46EE0F4528FD}.Debug|iPhoneSimulator.Build.0 = Debug|Any CPU
		{28C086A1-776C-43E9-A22C-46EE0F4528FD}.Debug|x64.ActiveCfg = Debug|Any CPU
		{28C086A1-776C-43E9-A22C-46EE0F4528FD}.Debug|x64.Build.0 = Debug|Any CPU
		{28C086A1-776C-43E9-A22C-46EE0F4528FD}.Debug|x86.ActiveCfg = Debug|Any CPU
		{28C086A1-776C-43E9-A22C-46EE0F4528FD}.Debug|x86.Build.0 = Debug|Any CPU
		{28C086A1-776C-43E9-A22C-46EE0F4528FD}.Release|Any CPU.ActiveCfg = Release|Any CPU
		{28C086A1-776C-43E9-A22C-46EE0F4528FD}.Release|Any CPU.Build.0 = Release|Any CPU
		{28C086A1-776C-43E9-A22C-46EE0F4528FD}.Release|ARM.ActiveCfg = Release|Any CPU
		{28C086A1-776C-43E9-A22C-46EE0F4528FD}.Release|ARM.Build.0 = Release|Any CPU
		{28C086A1-776C-43E9-A22C-46EE0F4528FD}.Release|iPhone.ActiveCfg = Release|Any CPU
		{28C086A1-776C-43E9-A22C-46EE0F4528FD}.Release|iPhone.Build.0 = Release|Any CPU
		{28C086A1-776C-43E9-A22C-46EE0F4528FD}.Release|iPhoneSimulator.ActiveCfg = Release|Any CPU
		{28C086A1-776C-43E9-A22C-46EE0F4528FD}.Release|iPhoneSimulator.Build.0 = Release|Any CPU
		{28C086A1-776C-43E9-A22C-46EE0F4528FD}.Release|x64.ActiveCfg = Release|Any CPU
		{28C086A1-776C-43E9-A22C-46EE0F4528FD}.Release|x64.Build.0 = Release|Any CPU
		{28C086A1-776C-43E9-A22C-46EE0F4528FD}.Release|x86.ActiveCfg = Release|Any CPU
		{28C086A1-776C-43E9-A22C-46EE0F4528FD}.Release|x86.Build.0 = Release|Any CPU
		{54B7F494-B5B5-4133-87F6-E430332F37A3}.Ad-Hoc|Any CPU.ActiveCfg = Release|x86
		{54B7F494-B5B5-4133-87F6-E430332F37A3}.Ad-Hoc|Any CPU.Build.0 = Release|x86
		{54B7F494-B5B5-4133-87F6-E430332F37A3}.Ad-Hoc|Any CPU.Deploy.0 = Release|x86
		{54B7F494-B5B5-4133-87F6-E430332F37A3}.Ad-Hoc|ARM.ActiveCfg = Release|ARM
		{54B7F494-B5B5-4133-87F6-E430332F37A3}.Ad-Hoc|ARM.Build.0 = Release|ARM
		{54B7F494-B5B5-4133-87F6-E430332F37A3}.Ad-Hoc|ARM.Deploy.0 = Release|ARM
		{54B7F494-B5B5-4133-87F6-E430332F37A3}.Ad-Hoc|iPhone.ActiveCfg = Release|x86
		{54B7F494-B5B5-4133-87F6-E430332F37A3}.Ad-Hoc|iPhone.Build.0 = Release|x86
		{54B7F494-B5B5-4133-87F6-E430332F37A3}.Ad-Hoc|iPhone.Deploy.0 = Release|x86
		{54B7F494-B5B5-4133-87F6-E430332F37A3}.Ad-Hoc|iPhoneSimulator.ActiveCfg = Release|x86
		{54B7F494-B5B5-4133-87F6-E430332F37A3}.Ad-Hoc|iPhoneSimulator.Build.0 = Release|x86
		{54B7F494-B5B5-4133-87F6-E430332F37A3}.Ad-Hoc|iPhoneSimulator.Deploy.0 = Release|x86
		{54B7F494-B5B5-4133-87F6-E430332F37A3}.Ad-Hoc|x64.ActiveCfg = Release|x64
		{54B7F494-B5B5-4133-87F6-E430332F37A3}.Ad-Hoc|x64.Build.0 = Release|x64
		{54B7F494-B5B5-4133-87F6-E430332F37A3}.Ad-Hoc|x64.Deploy.0 = Release|x64
		{54B7F494-B5B5-4133-87F6-E430332F37A3}.Ad-Hoc|x86.ActiveCfg = Release|x86
		{54B7F494-B5B5-4133-87F6-E430332F37A3}.Ad-Hoc|x86.Build.0 = Release|x86
		{54B7F494-B5B5-4133-87F6-E430332F37A3}.Ad-Hoc|x86.Deploy.0 = Release|x86
		{54B7F494-B5B5-4133-87F6-E430332F37A3}.AppStore|Any CPU.ActiveCfg = Release|x86
		{54B7F494-B5B5-4133-87F6-E430332F37A3}.AppStore|Any CPU.Build.0 = Release|x86
		{54B7F494-B5B5-4133-87F6-E430332F37A3}.AppStore|Any CPU.Deploy.0 = Release|x86
		{54B7F494-B5B5-4133-87F6-E430332F37A3}.AppStore|ARM.ActiveCfg = Release|ARM
		{54B7F494-B5B5-4133-87F6-E430332F37A3}.AppStore|ARM.Build.0 = Release|ARM
		{54B7F494-B5B5-4133-87F6-E430332F37A3}.AppStore|ARM.Deploy.0 = Release|ARM
		{54B7F494-B5B5-4133-87F6-E430332F37A3}.AppStore|iPhone.ActiveCfg = Release|x86
		{54B7F494-B5B5-4133-87F6-E430332F37A3}.AppStore|iPhone.Build.0 = Release|x86
		{54B7F494-B5B5-4133-87F6-E430332F37A3}.AppStore|iPhone.Deploy.0 = Release|x86
		{54B7F494-B5B5-4133-87F6-E430332F37A3}.AppStore|iPhoneSimulator.ActiveCfg = Release|x86
		{54B7F494-B5B5-4133-87F6-E430332F37A3}.AppStore|iPhoneSimulator.Build.0 = Release|x86
		{54B7F494-B5B5-4133-87F6-E430332F37A3}.AppStore|iPhoneSimulator.Deploy.0 = Release|x86
		{54B7F494-B5B5-4133-87F6-E430332F37A3}.AppStore|x64.ActiveCfg = Release|x64
		{54B7F494-B5B5-4133-87F6-E430332F37A3}.AppStore|x64.Build.0 = Release|x64
		{54B7F494-B5B5-4133-87F6-E430332F37A3}.AppStore|x64.Deploy.0 = Release|x64
		{54B7F494-B5B5-4133-87F6-E430332F37A3}.AppStore|x86.ActiveCfg = Release|x86
		{54B7F494-B5B5-4133-87F6-E430332F37A3}.AppStore|x86.Build.0 = Release|x86
		{54B7F494-B5B5-4133-87F6-E430332F37A3}.AppStore|x86.Deploy.0 = Release|x86
		{54B7F494-B5B5-4133-87F6-E430332F37A3}.Debug|Any CPU.ActiveCfg = Debug|x86
		{54B7F494-B5B5-4133-87F6-E430332F37A3}.Debug|ARM.ActiveCfg = Debug|ARM
		{54B7F494-B5B5-4133-87F6-E430332F37A3}.Debug|ARM.Build.0 = Debug|ARM
		{54B7F494-B5B5-4133-87F6-E430332F37A3}.Debug|ARM.Deploy.0 = Debug|ARM
		{54B7F494-B5B5-4133-87F6-E430332F37A3}.Debug|iPhone.ActiveCfg = Debug|x86
		{54B7F494-B5B5-4133-87F6-E430332F37A3}.Debug|iPhoneSimulator.ActiveCfg = Debug|x86
		{54B7F494-B5B5-4133-87F6-E430332F37A3}.Debug|x64.ActiveCfg = Debug|x64
		{54B7F494-B5B5-4133-87F6-E430332F37A3}.Debug|x64.Build.0 = Debug|x64
		{54B7F494-B5B5-4133-87F6-E430332F37A3}.Debug|x64.Deploy.0 = Debug|x64
		{54B7F494-B5B5-4133-87F6-E430332F37A3}.Debug|x86.ActiveCfg = Debug|x86
		{54B7F494-B5B5-4133-87F6-E430332F37A3}.Debug|x86.Build.0 = Debug|x86
		{54B7F494-B5B5-4133-87F6-E430332F37A3}.Debug|x86.Deploy.0 = Debug|x86
		{54B7F494-B5B5-4133-87F6-E430332F37A3}.Release|Any CPU.ActiveCfg = Release|x86
		{54B7F494-B5B5-4133-87F6-E430332F37A3}.Release|ARM.ActiveCfg = Release|ARM
		{54B7F494-B5B5-4133-87F6-E430332F37A3}.Release|ARM.Build.0 = Release|ARM
		{54B7F494-B5B5-4133-87F6-E430332F37A3}.Release|ARM.Deploy.0 = Release|ARM
		{54B7F494-B5B5-4133-87F6-E430332F37A3}.Release|iPhone.ActiveCfg = Release|x86
		{54B7F494-B5B5-4133-87F6-E430332F37A3}.Release|iPhoneSimulator.ActiveCfg = Release|x86
		{54B7F494-B5B5-4133-87F6-E430332F37A3}.Release|x64.ActiveCfg = Release|x64
		{54B7F494-B5B5-4133-87F6-E430332F37A3}.Release|x64.Build.0 = Release|x64
		{54B7F494-B5B5-4133-87F6-E430332F37A3}.Release|x64.Deploy.0 = Release|x64
		{54B7F494-B5B5-4133-87F6-E430332F37A3}.Release|x86.ActiveCfg = Release|x86
		{54B7F494-B5B5-4133-87F6-E430332F37A3}.Release|x86.Build.0 = Release|x86
		{54B7F494-B5B5-4133-87F6-E430332F37A3}.Release|x86.Deploy.0 = Release|x86
		{BCB7E47B-7F7A-4FCB-AA82-3E173364192A}.Ad-Hoc|Any CPU.ActiveCfg = Ad-Hoc|iPhone
		{BCB7E47B-7F7A-4FCB-AA82-3E173364192A}.Ad-Hoc|ARM.ActiveCfg = Ad-Hoc|iPhone
		{BCB7E47B-7F7A-4FCB-AA82-3E173364192A}.Ad-Hoc|iPhone.ActiveCfg = Ad-Hoc|iPhone
		{BCB7E47B-7F7A-4FCB-AA82-3E173364192A}.Ad-Hoc|iPhone.Build.0 = Ad-Hoc|iPhone
		{BCB7E47B-7F7A-4FCB-AA82-3E173364192A}.Ad-Hoc|iPhoneSimulator.ActiveCfg = Ad-Hoc|iPhoneSimulator
		{BCB7E47B-7F7A-4FCB-AA82-3E173364192A}.Ad-Hoc|iPhoneSimulator.Build.0 = Ad-Hoc|iPhoneSimulator
		{BCB7E47B-7F7A-4FCB-AA82-3E173364192A}.Ad-Hoc|x64.ActiveCfg = Ad-Hoc|iPhone
		{BCB7E47B-7F7A-4FCB-AA82-3E173364192A}.Ad-Hoc|x86.ActiveCfg = Ad-Hoc|iPhone
		{BCB7E47B-7F7A-4FCB-AA82-3E173364192A}.AppStore|Any CPU.ActiveCfg = AppStore|iPhone
		{BCB7E47B-7F7A-4FCB-AA82-3E173364192A}.AppStore|ARM.ActiveCfg = AppStore|iPhone
		{BCB7E47B-7F7A-4FCB-AA82-3E173364192A}.AppStore|iPhone.ActiveCfg = AppStore|iPhone
		{BCB7E47B-7F7A-4FCB-AA82-3E173364192A}.AppStore|iPhone.Build.0 = AppStore|iPhone
		{BCB7E47B-7F7A-4FCB-AA82-3E173364192A}.AppStore|iPhoneSimulator.ActiveCfg = AppStore|iPhoneSimulator
		{BCB7E47B-7F7A-4FCB-AA82-3E173364192A}.AppStore|iPhoneSimulator.Build.0 = AppStore|iPhoneSimulator
		{BCB7E47B-7F7A-4FCB-AA82-3E173364192A}.AppStore|x64.ActiveCfg = AppStore|iPhone
		{BCB7E47B-7F7A-4FCB-AA82-3E173364192A}.AppStore|x86.ActiveCfg = AppStore|iPhone
		{BCB7E47B-7F7A-4FCB-AA82-3E173364192A}.Debug|Any CPU.ActiveCfg = Debug|iPhone
		{BCB7E47B-7F7A-4FCB-AA82-3E173364192A}.Debug|ARM.ActiveCfg = Debug|iPhone
		{BCB7E47B-7F7A-4FCB-AA82-3E173364192A}.Debug|iPhone.ActiveCfg = Debug|iPhone
		{BCB7E47B-7F7A-4FCB-AA82-3E173364192A}.Debug|iPhone.Build.0 = Debug|iPhone
		{BCB7E47B-7F7A-4FCB-AA82-3E173364192A}.Debug|iPhoneSimulator.ActiveCfg = Debug|iPhoneSimulator
		{BCB7E47B-7F7A-4FCB-AA82-3E173364192A}.Debug|iPhoneSimulator.Build.0 = Debug|iPhoneSimulator
		{BCB7E47B-7F7A-4FCB-AA82-3E173364192A}.Debug|x64.ActiveCfg = Debug|iPhone
		{BCB7E47B-7F7A-4FCB-AA82-3E173364192A}.Debug|x86.ActiveCfg = Debug|iPhone
		{BCB7E47B-7F7A-4FCB-AA82-3E173364192A}.Release|Any CPU.ActiveCfg = Release|iPhone
		{BCB7E47B-7F7A-4FCB-AA82-3E173364192A}.Release|ARM.ActiveCfg = Release|iPhone
		{BCB7E47B-7F7A-4FCB-AA82-3E173364192A}.Release|iPhone.ActiveCfg = Release|iPhone
		{BCB7E47B-7F7A-4FCB-AA82-3E173364192A}.Release|iPhone.Build.0 = Release|iPhone
		{BCB7E47B-7F7A-4FCB-AA82-3E173364192A}.Release|iPhoneSimulator.ActiveCfg = Release|iPhoneSimulator
		{BCB7E47B-7F7A-4FCB-AA82-3E173364192A}.Release|iPhoneSimulator.Build.0 = Release|iPhoneSimulator
		{BCB7E47B-7F7A-4FCB-AA82-3E173364192A}.Release|x64.ActiveCfg = Release|iPhone
		{BCB7E47B-7F7A-4FCB-AA82-3E173364192A}.Release|x86.ActiveCfg = Release|iPhone
	EndGlobalSection
	GlobalSection(SolutionProperties) = preSolution
		HideSolutionNode = FALSE
	EndGlobalSection
EndGlobal
